github.com/davecgh/go-spew v1.1.0/go.mod h1:J7Y8YcW2NihsgmVo/mv3lAwl/skON4iLHjSsI+c5H38=
github.com/davecgh/go-spew v1.1.1 h1:vj9j/u1bqnvCEfJOwUhtlOARqs3+rkHYY13jYWTU97c=
github.com/go-gl/glfw/v3.3/glfw v0.0.0-20220806181222-55e207c401ad h1:kX51IjbsJPCvzV9jUoVQG9GEUqIq5hjfYzXTqQ52Rh8=
github.com/go-gl/glfw/v3.3/glfw v0.0.0-20220806181222-55e207c401ad/go.mod h1:tQ2UAYgL5IevRw8kRxooKSPJfGvJ9fJQFa0TUsXzTg8=
github.com/go-glx/glx v0.1.0 h1:9FgF3CEmx28b704HsR1JD7WcTA8pDnXH/DU/obzTBzI=
github.com/go-glx/glx v0.1.0/go.mod h1:f3QNWEewIcOkVrRy2c+DEMDFPQjXDTqCdqv1Ju+AsYg=
github.com/go-glx/vgl v0.0.3 h1:BxfLaI7fot5N5esqKLpniZ3LwC0I6RDMChtN8B/v+2g=
github.com/go-glx/vgl v0.0.3/go.mod h1:WbKlQNHWDzN75OGEzBHnaeX+cj4zepRSkGRoy4XmkbU=
github.com/go-glx/vgl/arch/glfw v0.0.3 h1:pybnMfPg3QyM/gYoTuM2txXXU2nYPwoOZp7M+GqD0OI=
github.com/go-glx/vgl/arch/glfw v0.0.3/go.mod h1:FIu8gof6HCMZF1wqtA4XETEhlK1re1vKGgHRX5C3B8o=
github.com/inkyblackness/imgui-go/v4 v4.5.0 h1:iUon7q0Hr0c0/Gc2V6bTP7Anu9WH7H26dI7JkPBmMEA=
github.com/inkyblackness/imgui-go/v4 v4.5.0/go.mod h1:g8SAGtOYUP7rYaOB2AsVKCEHmPMDmJKgt4z6d+flhb0=
github.com/pmezard/go-difflib v1.0.0 h1:4DBwDE0NGyQoBHbLQYPwSUPoCMWR5BEzIk/f1lZbAQM=
github.com/pmezard/go-difflib v1.0.0/go.mod h1:iKH77koFhYxTK1pcRnkKkqfTogsbg7gZNVY4sRDYZ/4=
github.com/stretchr/objx v0.1.0/go.mod h1:HFkY916IF+rwdDfMAkV7OtwuqBVzrE8GR6GFx+wExME=
github.com/stretchr/testify v1.3.0/go.mod h1:M5WIy9Dh21IEIfnGCwXGc5bZfKNJtfHm1UVUgZn+9EI=
github.com/stretchr/testify v1.8.0 h1:pSgiaMZlXftHpm5L7V1+rVB+AZJydKsMxsQBIJw4PKk=
github.com/vulkan-go/vulkan v0.0.0-20210402152248-956e3850d8f9 h1:WFujQpkMAAd8dqccEm10n8dly4yQ/R5d2+Us7GutowA=
github.com/vulkan-go/vulkan v0.0.0-20210402152248-956e3850d8f9/go.mod h1:Y5Ti1uUBdKDsb0W8aPtIo9krs+29Y7p6Bc9yyy4AM6g=
gopkg.in/yaml.v3 v3.0.1 h1:fxVm/GzAzEWqLHuvctI91KS9hhNmmWOoWu0XTYJS7CA=
